# THIS IS AN AUTOGENERATED FILE. DO NOT EDIT THIS FILE DIRECTLY.
# yarn lockfile v1


redux-saga@^0.14.5:
  version "0.14.5"
  resolved "https://registry.yarnpkg.com/redux-saga/-/redux-saga-0.14.5.tgz#8faa627e7d0ea9417455a6544f82d31fe610bbac"

seamless-immutable@^7.1.2:
  version "7.1.2"
  resolved "https://registry.yarnpkg.com/seamless-immutable/-/seamless-immutable-7.1.2.tgz#c87a1eba6767a32455311d76600ac5eddeafbb69"
